set_location_assignment PIN_V25 -to HEX5[0]
set_location_assignment PIN_AA28 -to HEX5[1]
set_location_assignment PIN_Y27 -to HEX5[2]
set_location_assignment PIN_AB27 -to HEX5[3]
set_location_assignment PIN_AB26 -to HEX5[4]
set_location_assignment PIN_AA26 -to HEX5[5]
set_location_assignment PIN_AA25 -to HEX5[6]
